# THIS IS AN AUTOGENERATED FILE. DO NOT EDIT THIS FILE DIRECTLY.
# yarn lockfile v1


yet@^0.1.0:
  version "0.1.0"
  resolved "https://registry.yarnpkg.com/yet/-/yet-0.1.0.tgz#66dde2553abefe7cec93419f1c674b0514e3992c"
  integrity sha512-oE0OnsHWy/EDLXhDbhr/Gh9dk6p9W0+pPl9c51BXFr1zaIDwkyCbdP+eBS0A41nISaXh7W6UdyZyxf6kVg1KIw==
